// !$*UTF8*$!
{
	archiveVersion = 1;
	classes = {
	};
	objectVersion = 46;
	objects = {

/* Begin PBXBuildFile section */
		0C7C16C41D3DED50007DE13C /* main.m in Sources */ = {isa = PBXBuildFile; fileRef = 0C7C16C31D3DED50007DE13C /* main.m */; };
		0C7C16CC1D3DED8D007DE13C /* Parent.m in Sources */ = {isa = PBXBuildFile; fileRef = 0C7C16CB1D3DED8D007DE13C /* Parent.m */; };
		0C7C16CF1D3DED9A007DE13C /* Child.m in Sources */ = {isa = PBXBuildFile; fileRef = 0C7C16CE1D3DED9A007DE13C /* Child.m */; };
		0C7C16D81D3DF65F007DE13C /* Child+load.m in Sources */ = {isa = PBXBuildFile; fileRef = 0C7C16D71D3DF65F007DE13C /* Child+load.m */; };
/* End PBXBuildFile section */

/* Begin PBXCopyFilesBuildPhase section */
		0C7C16BE1D3DED50007DE13C /* CopyFiles */ = {
			isa = PBXCopyFilesBuildPhase;
			buildActionMask = 2147483647;
			dstPath = /usr/share/man/man1/;
			dstSubfolderSpec = 0;
			files = (
			);
			runOnlyForDeploymentPostprocessing = 1;
		};
/* End PBXCopyFilesBuildPhase section */

/* Begin PBXFileReference section */
		0C7C16C01D3DED50007DE13C /* Load-Initialize */ = {isa = PBXFileReference; explicitFileType = "compiled.mach-o.executable"; includeInIndex = 0; path = "Load-Initialize"; sourceTree = BUILT_PRODUCTS_DIR; };
		0C7C16C31D3DED50007DE13C /* main.m */ = {isa = PBXFileReference; lastKnownFileType = sourcecode.c.objc; path = main.m; sourceTree = "<group>"; };
		0C7C16CA1D3DED8D007DE13C /* Parent.h */ = {isa = PBXFileReference; fileEncoding = 4; lastKnownFileType = sourcecode.c.h; path = Parent.h; sourceTree = "<group>"; };
		0C7C16CB1D3DED8D007DE13C /* Parent.m */ = {isa = PBXFileReference; fileEncoding = 4; lastKnownFileType = sourcecode.c.objc; path = Parent.m; sourceTree = "<group>"; };
		0C7C16CD1D3DED9A007DE13C /* Child.h */ = {isa = PBXFileReference; fileEncoding = 4; lastKnownFileType = sourcecode.c.h; path = Child.h; sourceTree = "<group>"; };
		0C7C16CE1D3DED9A007DE13C /* Child.m */ = {isa = PBXFileReference; fileEncoding = 4; lastKnownFileType = sourcecode.c.objc; path = Child.m; sourceTree = "<group>"; };
		0C7C16D61D3DF65F007DE13C /* Child+load.h */ = {isa = PBXFileReference; fileEncoding = 4; lastKnownFileType = sourcecode.c.h; path = "Child+load.h"; sourceTree = "<group>"; };
		0C7C16D71D3DF65F007DE13C /* Child+load.m */ = {isa = PBXFileReference; fileEncoding = 4; lastKnownFileType = sourcecode.c.objc; path = "Child+load.m"; sourceTree = "<group>"; };
/* End PBXFileReference section */

/* Begin PBXFrameworksBuildPhase section */
		0C7C16BD1D3DED50007DE13C /* Frameworks */ = {
			isa = PBXFrameworksBuildPhase;
			buildActionMask = 2147483647;
			files = (
			);
			runOnlyForDeploymentPostprocessing = 0;
		};
/* End PBXFrameworksBuildPhase section */

/* Begin PBXGroup section */
		0C7C16B71D3DED50007DE13C = {
			isa = PBXGroup;
			children = (
				0C7C16C21D3DED50007DE13C /* Load-Initialize */,
				0C7C16C11D3DED50007DE13C /* Products */,
			);
			sourceTree = "<group>";
		};
		0C7C16C11D3DED50007DE13C /* Products */ = {
			isa = PBXGroup;
			children = (
				0C7C16C01D3DED50007DE13C /* Load-Initialize */,
			);
			name = Products;
			sourceTree = "<group>";
		};
		0C7C16C21D3DED50007DE13C /* Load-Initialize */ = {
			isa = PBXGroup;
			children = (
				0C7C16C31D3DED50007DE13C /* main.m */,
				0C7C16CA1D3DED8D007DE13C /* Parent.h */,
				0C7C16CB1D3DED8D007DE13C /* Parent.m */,
				0C7C16CD1D3DED9A007DE13C /* Child.h */,
				0C7C16CE1D3DED9A007DE13C /* Child.m */,
				0C7C16D61D3DF65F007DE13C /* Child+load.h */,
				0C7C16D71D3DF65F007DE13C /* Child+load.m */,
			);
			path = "Load-Initialize";
			sourceTree = "<group>";
		};
/* End PBXGroup section */

/* Begin PBXNativeTarget section */
		0C7C16BF1D3DED50007DE13C /* Load-Initialize */ = {
			isa = PBXNativeTarget;
			buildConfigurationList = 0C7C16C71D3DED50007DE13C /* Build configuration list for PBXNativeTarget "Load-Initialize" */;
			buildPhases = (
				0C7C16BC1D3DED50007DE13C /* Sources */,
				0C7C16BD1D3DED50007DE13C /* Frameworks */,
				0C7C16BE1D3DED50007DE13C /* CopyFiles */,
			);
			buildRules = (
			);
			dependencies = (
			);
			name = "Load-Initialize";
			productName = "Load-Initialize";
			productReference = 0C7C16C01D3DED50007DE13C /* Load-Initialize */;
			productType = "com.apple.product-type.tool";
		};
/* End PBXNativeTarget section */

/* Begin PBXProject section */
		0C7C16B81D3DED50007DE13C /* Project object */ = {
			isa = PBXProject;
			attributes = {
				LastUpgradeCheck = 0730;
				ORGANIZATIONNAME = Aesthetic92;
				TargetAttributes = {
					0C7C16BF1D3DED50007DE13C = {
						CreatedOnToolsVersion = 7.3.1;
					};
				};
			};
			buildConfigurationList = 0C7C16BB1D3DED50007DE13C /* Build configuration list for PBXProject "Load-Initialize" */;
			compatibilityVersion = "Xcode 3.2";
			developmentRegion = English;
			hasScannedForEncodings = 0;
			knownRegions = (
				en,
			);
			mainGroup = 0C7C16B71D3DED50007DE13C;
			productRefGroup = 0C7C16C11D3DED50007DE13C /* Products */;
			projectDirPath = "";
			projectRoot = "";
			targets = (
				0C7C16BF1D3DED50007DE13C /* Load-Initialize */,
			);
		};
/* End PBXProject section */

/* Begin PBXSourcesBuildPhase section */
		0C7C16BC1D3DED50007DE13C /* Sources */ = {
			isa = PBXSourcesBuildPhase;
			buildActionMask = 2147483647;
			files = (
				0C7C16CF1D3DED9A007DE13C /* Child.m in Sources */,
				0C7C16C41D3DED50007DE13C /* main.m in Sources */,
				0C7C16D81D3DF65F007DE13C /* Child+load.m in Sources */,
				0C7C16CC1D3DED8D007DE13C /* Parent.m in Sources */,
			);
			runOnlyForDeploymentPostprocessing = 0;
		};
/* End PBXSourcesBuildPhase section */

/* Begin XCBuildConfiguration section */
		0C7C16C51D3DED50007DE13C /* Debug */ = {
			isa = XCBuildConfiguration;
			buildSettings = {
				ALWAYS_SEARCH_USER_PATHS = NO;
				CLANG_ANALYZER_NONNULL = YES;
				CLANG_CXX_LANGUAGE_STANDARD = "gnu++0x";
				CLANG_CXX_LIBRARY = "libc++";
				CLANG_ENABLE_MODULES = YES;
				CLANG_ENABLE_OBJC_ARC = YES;
				CLANG_WARN_BOOL_CONVERSION = YES;
				CLANG_WARN_CONSTANT_CONVERSION = YES;
				CLANG_WARN_DIRECT_OBJC_ISA_USAGE = YES_ERROR;
				CLANG_WARN_EMPTY_BODY = YES;
				CLANG_WARN_ENUM_CONVERSION = YES;
				CLANG_WARN_INT_CONVERSION = YES;
				CLANG_WARN_OBJC_ROOT_CLASS = YES_ERROR;
				CLANG_WARN_UNREACHABLE_CODE = YES;
				CLANG_WARN__DUPLICATE_METHOD_MATCH = YES;
				CODE_SIGN_IDENTITY = "-";
				COPY_PHASE_STRIP = NO;
				DEBUG_INFORMATION_FORMAT = dwarf;
				ENABLE_STRICT_OBJC_MSGSEND = YES;
				ENABLE_TESTABILITY = YES;
				GCC_C_LANGUAGE_STANDARD = gnu99;
				GCC_DYNAMIC_NO_PIC = NO;
				GCC_NO_COMMON_BLOCKS = YES;
				GCC_OPTIMIZATION_LEVEL = 0;
				GCC_PREPROCESSOR_DEFINITIONS = (
					"DEBUG=1",
					"$(inherited)",
				);
				GCC_WARN_64_TO_32_BIT_CONVERSION = YES;
				GCC_WARN_ABOUT_RETURN_TYPE = YES_ERROR;
				GCC_WARN_UNDECLARED_SELECTOR = YES;
				GCC_WARN_UNINITIALIZED_AUTOS = YES_AGGRESSIVE;
				GCC_WARN_UNUSED_FUNCTION = YES;
				GCC_WARN_UNUSED_VARIABLE = YES;
				MACOSX_DEPLOYMENT_TARGET = 10.11;
				MTL_ENABLE_DEBUG_INFO = YES;
				ONLY_ACTIVE_ARCH = YES;
				SDKROOT = macosx;
			};
			name = Debug;
		};
		0C7C16C61D3DED50007DE13C /* Release */ = {
			isa = XCBuildConfiguration;
			buildSettings = {
				ALWAYS_SEARCH_USER_PATHS = NO;
				CLANG_ANALYZER_NONNULL = YES;
				CLANG_CXX_LANGUAGE_STANDARD = "gnu++0x";
				CLANG_CXX_LIBRARY = "libc++";
				CLANG_ENABLE_MODULES = YES;
				CLANG_ENABLE_OBJC_ARC = YES;
				CLANG_WARN_BOOL_CONVERSION = YES;
				CLANG_WARN_CONSTANT_CONVERSION = YES;
				CLANG_WARN_DIRECT_OBJC_ISA_USAGE = YES_ERROR;
				CLANG_WARN_EMPTY_BODY = YES;
				CLANG_WARN_ENUM_CONVERSION = YES;
				CLANG_WARN_INT_CONVERSION = YES;
				CLANG_WARN_OBJC_ROOT_CLASS = YES_ERROR;
				CLANG_WARN_UNREACHABLE_CODE = YES;
				CLANG_WARN__DUPLICATE_METHOD_MATCH = YES;
				CODE_SIGN_IDENTITY = "-";
				COPY_PHASE_STRIP = NO;
				DEBUG_INFORMATION_FORMAT = "dwarf-with-dsym";
				ENABLE_NS_ASSERTIONS = NO;
				ENABLE_STRICT_OBJC_MSGSEND = YES;
				GCC_C_LANGUAGE_STANDARD = gnu99;
				GCC_NO_COMMON_BLOCKS = YES;
				GCC_WARN_64_TO_32_BIT_CONVERSION = YES;
				GCC_WARN_ABOUT_RETURN_TYPE = YES_ERROR;
				GCC_WARN_UNDECLARED_SELECTOR = YES;
				GCC_WARN_UNINITIALIZED_AUTOS = YES_AGGRESSIVE;
				GCC_WARN_UNUSED_FUNCTION = YES;
				GCC_WARN_UNUSED_VARIABLE = YES;
				MACOSX_DEPLOYMENT_TARGET = 10.11;
				MTL_ENABLE_DEBUG_INFO = NO;
				SDKROOT = macosx;
			};
			name = Release;
		};
		0C7C16C81D3DED50007DE13C /* Debug */ = {
			isa = XCBuildConfiguration;
			buildSettings = {
				PRODUCT_NAME = "$(TARGET_NAME)";
			};
			name = Debug;
		};
		0C7C16C91D3DED50007DE13C /* Release */ = {
			isa = XCBuildConfiguration;
			buildSettings = {
				PRODUCT_NAME = "$(TARGET_NAME)";
			};
			name = Release;
		};
/* End XCBuildConfiguration section */

/* Begin XCConfigurationList section */
		0C7C16BB1D3DED50007DE13C /* Build configuration list for PBXProject "Load-Initialize" */ = {
			isa = XCConfigurationList;
			buildConfigurations = (
				0C7C16C51D3DED50007DE13C /* Debug */,
				0C7C16C61D3DED50007DE13C /* Release */,
			);
			defaultConfigurationIsVisible = 0;
			defaultConfigurationName = Release;
		};
		0C7C16C71D3DED50007DE13C /* Build configuration list for PBXNativeTarget "Load-Initialize" */ = {
			isa = XCConfigurationList;
			buildConfigurations = (
				0C7C16C81D3DED50007DE13C /* Debug */,
				0C7C16C91D3DED50007DE13C /* Release */,
			);
			defaultConfigurationIsVisible = 0;
			defaultConfigurationName = Release;
		};
/* End XCConfigurationList section */
	};
	rootObject = 0C7C16B81D3DED50007DE13C /* Project object */;
}
